<?xml version="1.0" encoding="utf-8"?>
<Project ToolsVersion="4.0" xmlns="http://schemas.microsoft.com/developer/msbuild/2003">
  <ItemGroup>
    <ClCompile Include="Actor\Animal.cpp" />
    <ClCompile Include="Actor\Item\Item.cpp" />
    <ClCompile Include="Actor\Item\Weapon\Knife.cpp" />
    <ClCompile Include="Actor\Item\Weapon\Weapon.cpp" />
    <ClCompile Include="Actor\Item\Wood.cpp" />
    <ClCompile Include="Actor\Player.cpp" />
    <ClCompile Include="Actor\Tree.cpp" />
    <ClCompile Include="Game\Game.cpp" />
    <ClCompile Include="Actor\Ground.cpp" />
    <ClCompile Include="Level\BattleScene.cpp" />
    <ClCompile Include="Level\MainLevel.cpp" />
    <ClCompile Include="Main.cpp" />
    <ClCompile Include="Level\MenuLevel.cpp" />
    <ClCompile Include="Actor\Item\Meat.cpp" />
    <ClCompile Include="Level\CraftLevel.cpp" />
    <ClCompile Include="Actor\Item\Weapon\Club.cpp" />
    <ClCompile Include="Actor\Item\Weapon\WoodSword.cpp" />
    <ClCompile Include="Actor\Item\Medicine.cpp" />
    <ClCompile Include="Level\GameOverLevel.cpp" />
  </ItemGroup>
  <ItemGroup>
    <ClInclude Include="Actor\Animal.h" />
    <ClInclude Include="Actor\Item\Item.h" />
    <ClInclude Include="Actor\Item\Weapon\Knife.h" />
    <ClInclude Include="Actor\Item\Weapon\Weapon.h" />
    <ClInclude Include="Actor\Item\Wood.h" />
    <ClInclude Include="Actor\Player.h" />
    <ClInclude Include="Actor\Tree.h" />
    <ClInclude Include="Game\Game.h" />
    <ClInclude Include="Actor\Ground.h" />
    <ClInclude Include="Level\CraftLevel.h" />
    <ClInclude Include="Level\BattleScene.h" />
    <ClInclude Include="Level\MainLevel.h" />
    <ClInclude Include="Level\MenuLevel.h" />
    <ClInclude Include="Actor\Item\Meat.h" />
    <ClInclude Include="Actor\Item\Weapon\Club.h" />
    <ClInclude Include="Actor\Item\Weapon\WoodSword.h" />
    <ClInclude Include="Actor\Item\Medicine.h" />
    <ClInclude Include="Level\GameOverLevel.h" />
  </ItemGroup>
</Project>